<?xml version="1.0" encoding="utf-8"?>
<Project ToolsVersion="4.0" xmlns="http://schemas.microsoft.com/developer/msbuild/2003">
  <ItemGroup>
    <Filter Include="Main">
      <UniqueIdentifier>{680206f5-3c01-41ec-b610-22c9e9e318c6}</UniqueIdentifier>
    </Filter>
    <Filter Include="Multiplication">
      <UniqueIdentifier>{c6802fc1-c348-4777-b998-2e6ca8deeb31}</UniqueIdentifier>
    </Filter>
    <Filter Include="BigNum">
      <UniqueIdentifier>{ebddef66-5d68-4b98-91f1-984b895d1bbc}</UniqueIdentifier>
    </Filter>
  </ItemGroup>
  <ItemGroup>
    <ClInclude Include="PI.h">
      <Filter>Main</Filter>
    </ClInclude>
    <ClInclude Include="FFT.h">
      <Filter>Multiplication</Filter>
    </ClInclude>
    <ClInclude Include="BigFloat.h">
      <Filter>BigNum</Filter>
    </ClInclude>
    <ClInclude Include="NTT.h">
      <Filter>Multiplication</Filter>
    </ClInclude>
    <ClInclude Include="Console.h">
      <Filter>Main</Filter>
    </ClInclude>
  </ItemGroup>
  <ItemGroup>
    <ClCompile Include="main.cpp">
      <Filter>Main</Filter>
    </ClCompile>
    <ClCompile Include="FFT.cpp">
      <Filter>Multiplication</Filter>
    </ClCompile>
    <ClCompile Include="BigFloat.cpp">
      <Filter>BigNum</Filter>
    </ClCompile>
    <ClCompile Include="NTT.cpp">
      <Filter>Multiplication</Filter>
    </ClCompile>
  </ItemGroup>
</Project>